<?xml version="1.0" encoding="utf-8"?>
<Project ToolsVersion="4.0" xmlns="http://schemas.microsoft.com/developer/msbuild/2003">
  <ItemGroup>
    <Filter Include="源文件">
      <UniqueIdentifier>{4FC737F1-C7A5-4376-A066-2A32D752A2FF}</UniqueIdentifier>
      <Extensions>cpp;c;cc;cxx;def;odl;idl;hpj;bat;asm;asmx</Extensions>
    </Filter>
    <Filter Include="头文件">
      <UniqueIdentifier>{93995380-89BD-4b04-88EB-625FBE52EBFB}</UniqueIdentifier>
      <Extensions>h;hpp;hxx;hm;inl;inc;xsd</Extensions>
    </Filter>
    <Filter Include="资源文件">
      <UniqueIdentifier>{67DA6AB6-F800-4c08-8B7A-83BB121AAD01}</UniqueIdentifier>
      <Extensions>rc;ico;cur;bmp;dlg;rc2;rct;bin;rgs;gif;jpg;jpeg;jpe;resx;tiff;tif;png;wav;mfcribbon-ms</Extensions>
    </Filter>
  </ItemGroup>
  <ItemGroup>
    <ClCompile Include="..\src\CActionEffectAfterImage.cpp">
      <Filter>源文件</Filter>
    </ClCompile>
    <ClCompile Include="..\src\CActionManager.cpp">
      <Filter>源文件</Filter>
    </ClCompile>
    <ClCompile Include="..\src\CActionNode.cpp">
      <Filter>源文件</Filter>
    </ClCompile>
    <ClCompile Include="..\src\CActionParam.cpp">
      <Filter>源文件</Filter>
    </ClCompile>
    <ClCompile Include="..\src\CActionProcedure.cpp">
      <Filter>源文件</Filter>
    </ClCompile>
    <ClCompile Include="..\src\CActionReleaser.cpp">
      <Filter>源文件</Filter>
    </ClCompile>
    <ClCompile Include="..\src\CBarBase.cpp">
      <Filter>源文件</Filter>
    </ClCompile>
    <ClCompile Include="..\src\CBtnBase.cpp">
      <Filter>源文件</Filter>
    </ClCompile>
    <ClCompile Include="..\src\CCalculagraph.cpp">
      <Filter>源文件</Filter>
    </ClCompile>
    <ClCompile Include="..\src\CCallFuncProxy.cpp">
      <Filter>源文件</Filter>
    </ClCompile>
    <ClCompile Include="..\src\CCommonDelegate.cpp">
      <Filter>源文件</Filter>
    </ClCompile>
    <ClCompile Include="..\src\CCoverLayer.cpp">
      <Filter>源文件</Filter>
    </ClCompile>
    <ClCompile Include="..\src\CCTouchDispatcherExt.cpp">
      <Filter>源文件</Filter>
    </ClCompile>
    <ClCompile Include="..\src\CItemContainer.cpp">
      <Filter>源文件</Filter>
    </ClCompile>
    <ClCompile Include="..\src\CLayoutTable.cpp">
      <Filter>源文件</Filter>
    </ClCompile>
    <ClCompile Include="..\src\CMsgDispatcher.cpp">
      <Filter>源文件</Filter>
    </ClCompile>
    <ClCompile Include="..\src\CMsgWithCmd.cpp">
      <Filter>源文件</Filter>
    </ClCompile>
    <ClCompile Include="..\src\CMyHelper.cpp">
      <Filter>源文件</Filter>
    </ClCompile>
    <ClCompile Include="..\src\CNode9Grid.cpp">
      <Filter>源文件</Filter>
    </ClCompile>
    <ClCompile Include="..\src\CPageNav.cpp">
      <Filter>源文件</Filter>
    </ClCompile>
    <ClCompile Include="..\src\CPreLoad.cpp">
      <Filter>源文件</Filter>
    </ClCompile>
    <ClCompile Include="..\src\CSceneWindow.cpp">
      <Filter>源文件</Filter>
    </ClCompile>
    <ClCompile Include="..\src\CSpriteFillTex.cpp">
      <Filter>源文件</Filter>
    </ClCompile>
    <ClCompile Include="..\src\CSpriteFrameAnime.cpp">
      <Filter>源文件</Filter>
    </ClCompile>
    <ClCompile Include="..\src\CTabMenu.cpp">
      <Filter>源文件</Filter>
    </ClCompile>
    <ClCompile Include="..\src\CTextFieldWindow.cpp">
      <Filter>源文件</Filter>
    </ClCompile>
    <ClCompile Include="..\src\CTextureHolder.cpp">
      <Filter>源文件</Filter>
    </ClCompile>
    <ClCompile Include="..\src\CWindowBase.cpp">
      <Filter>源文件</Filter>
    </ClCompile>
    <ClCompile Include="..\src\logToFile.cpp">
      <Filter>源文件</Filter>
    </ClCompile>
    <ClCompile Include="..\src\mathTools.cpp">
      <Filter>源文件</Filter>
    </ClCompile>
    <ClCompile Include="..\src\PathFind.cpp">
      <Filter>源文件</Filter>
    </ClCompile>
    <ClCompile Include="..\src\StrTool.cpp">
      <Filter>源文件</Filter>
    </ClCompile>
  </ItemGroup>
  <ItemGroup>
    <ClInclude Include="..\inc\CActionEffectAfterImage.h">
      <Filter>头文件</Filter>
    </ClInclude>
    <ClInclude Include="..\inc\CActionManager.h">
      <Filter>头文件</Filter>
    </ClInclude>
    <ClInclude Include="..\inc\CActionNode.h">
      <Filter>头文件</Filter>
    </ClInclude>
    <ClInclude Include="..\inc\CActionParam.h">
      <Filter>头文件</Filter>
    </ClInclude>
    <ClInclude Include="..\inc\CActionProcedure.h">
      <Filter>头文件</Filter>
    </ClInclude>
    <ClInclude Include="..\inc\CActionReleaser.h">
      <Filter>头文件</Filter>
    </ClInclude>
    <ClInclude Include="..\inc\CBarBase.h">
      <Filter>头文件</Filter>
    </ClInclude>
    <ClInclude Include="..\inc\CBtnBase.h">
      <Filter>头文件</Filter>
    </ClInclude>
    <ClInclude Include="..\inc\CCalculagraph.h">
      <Filter>头文件</Filter>
    </ClInclude>
    <ClInclude Include="..\inc\CCallFuncProxy.h">
      <Filter>头文件</Filter>
    </ClInclude>
    <ClInclude Include="..\inc\CCommonDelegate.h">
      <Filter>头文件</Filter>
    </ClInclude>
    <ClInclude Include="..\inc\CCoverLayer.h">
      <Filter>头文件</Filter>
    </ClInclude>
    <ClInclude Include="..\inc\CCTouchDispatcherExt.h">
      <Filter>头文件</Filter>
    </ClInclude>
    <ClInclude Include="..\inc\charcodeCvt.h">
      <Filter>头文件</Filter>
    </ClInclude>
    <ClInclude Include="..\inc\CItemContainer.h">
      <Filter>头文件</Filter>
    </ClInclude>
    <ClInclude Include="..\inc\CLayoutTable.h">
      <Filter>头文件</Filter>
    </ClInclude>
    <ClInclude Include="..\inc\CMsgDispatcher.h">
      <Filter>头文件</Filter>
    </ClInclude>
    <ClInclude Include="..\inc\CMsgWithCmd.h">
      <Filter>头文件</Filter>
    </ClInclude>
    <ClInclude Include="..\inc\CMyHelper.h">
      <Filter>头文件</Filter>
    </ClInclude>
    <ClInclude Include="..\inc\CNode9Grid.h">
      <Filter>头文件</Filter>
    </ClInclude>
    <ClInclude Include="..\inc\CPageNav.h">
      <Filter>头文件</Filter>
    </ClInclude>
    <ClInclude Include="..\inc\CPreLoad.h">
      <Filter>头文件</Filter>
    </ClInclude>
    <ClInclude Include="..\inc\CSceneWindow.h">
      <Filter>头文件</Filter>
    </ClInclude>
    <ClInclude Include="..\inc\CSpriteFillTex.h">
      <Filter>头文件</Filter>
    </ClInclude>
    <ClInclude Include="..\inc\CSpriteFrameAnime.h">
      <Filter>头文件</Filter>
    </ClInclude>
    <ClInclude Include="..\inc\CTabMenu.h">
      <Filter>头文件</Filter>
    </ClInclude>
    <ClInclude Include="..\inc\CTextFieldWindow.h">
      <Filter>头文件</Filter>
    </ClInclude>
    <ClInclude Include="..\inc\CTextureHolder.h">
      <Filter>头文件</Filter>
    </ClInclude>
    <ClInclude Include="..\inc\CWindowBase.h">
      <Filter>头文件</Filter>
    </ClInclude>
    <ClInclude Include="..\inc\logToFile.h">
      <Filter>头文件</Filter>
    </ClInclude>
    <ClInclude Include="..\inc\mathTools.h">
      <Filter>头文件</Filter>
    </ClInclude>
    <ClInclude Include="..\inc\PathFind.h">
      <Filter>头文件</Filter>
    </ClInclude>
    <ClInclude Include="..\inc\StrTool.h">
      <Filter>头文件</Filter>
    </ClInclude>
  </ItemGroup>
</Project>